Microsoft Visual Studio Solution File, Format Version 12.00
# Visual Studio Version 16
VisualStudioVersion = 16.0.0.0
MinimumVisualStudioVersion = 16.0.0.0
Project("{9A19103F-16F7-4668-BE54-9A1E7A4F7556}") = "Blake.Server", "Blake.Server\Blake.Server.csproj", "{B0411C83-785C-4AC4-81FD-330129749775}"
EndProject
Project("{9A19103F-16F7-4668-BE54-9A1E7A4F7556}") = "Blake.Client", "Blake.Client\Blake.Client.csproj", "{25FCC0C4-22ED-4BC8-BBDC-6E51EDC52153}"
EndProject
Project("{9A19103F-16F7-4668-BE54-9A1E7A4F7556}") = "Blake.Shared", "Blake.Shared\Blake.Shared.csproj", "{833968E2-A6BF-46DA-8803-91CFBA87BE1B}"
EndProject
Global
	GlobalSection(SolutionConfigurationPlatforms) = preSolution
		Debug|Any CPU = Debug|Any CPU
		Debug|x64 = Debug|x64
		Debug|x86 = Debug|x86
		Release|Any CPU = Release|Any CPU
		Release|x64 = Release|x64
		Release|x86 = Release|x86
	EndGlobalSection
	GlobalSection(ProjectConfigurationPlatforms) = postSolution
		{25FCC0C4-22ED-4BC8-BBDC-6E51EDC52153}.Debug|Any CPU.ActiveCfg = Debug|Any CPU
		{25FCC0C4-22ED-4BC8-BBDC-6E51EDC52153}.Debug|Any CPU.Build.0 = Debug|Any CPU
		{25FCC0C4-22ED-4BC8-BBDC-6E51EDC52153}.Debug|x64.ActiveCfg = Debug|Any CPU
		{25FCC0C4-22ED-4BC8-BBDC-6E51EDC52153}.Debug|x64.Build.0 = Debug|Any CPU
		{25FCC0C4-22ED-4BC8-BBDC-6E51EDC52153}.Debug|x86.ActiveCfg = Debug|Any CPU
		{25FCC0C4-22ED-4BC8-BBDC-6E51EDC52153}.Debug|x86.Build.0 = Debug|Any CPU
		{25FCC0C4-22ED-4BC8-BBDC-6E51EDC52153}.Release|Any CPU.ActiveCfg = Release|Any CPU
		{25FCC0C4-22ED-4BC8-BBDC-6E51EDC52153}.Release|Any CPU.Build.0 = Release|Any CPU
		{25FCC0C4-22ED-4BC8-BBDC-6E51EDC52153}.Release|x64.ActiveCfg = Release|Any CPU
		{25FCC0C4-22ED-4BC8-BBDC-6E51EDC52153}.Release|x64.Build.0 = Release|Any CPU
		{25FCC0C4-22ED-4BC8-BBDC-6E51EDC52153}.Release|x86.ActiveCfg = Release|Any CPU
		{25FCC0C4-22ED-4BC8-BBDC-6E51EDC52153}.Release|x86.Build.0 = Release|Any CPU
		{B0411C83-785C-4AC4-81FD-330129749775}.Debug|Any CPU.ActiveCfg = Debug|Any CPU
		{B0411C83-785C-4AC4-81FD-330129749775}.Debug|Any CPU.Build.0 = Debug|Any CPU
		{B0411C83-785C-4AC4-81FD-330129749775}.Debug|x64.ActiveCfg = Debug|Any CPU
		{B0411C83-785C-4AC4-81FD-330129749775}.Debug|x64.Build.0 = Debug|Any CPU
		{B0411C83-785C-4AC4-81FD-330129749775}.Debug|x86.ActiveCfg = Debug|Any CPU
		{B0411C83-785C-4AC4-81FD-330129749775}.Debug|x86.Build.0 = Debug|Any CPU
		{B0411C83-785C-4AC4-81FD-330129749775}.Release|Any CPU.ActiveCfg = Release|Any CPU
		{B0411C83-785C-4AC4-81FD-330129749775}.Release|Any CPU.Build.0 = Release|Any CPU
		{B0411C83-785C-4AC4-81FD-330129749775}.Release|x64.ActiveCfg = Release|Any CPU
		{B0411C83-785C-4AC4-81FD-330129749775}.Release|x64.Build.0 = Release|Any CPU
		{B0411C83-785C-4AC4-81FD-330129749775}.Release|x86.ActiveCfg = Release|Any CPU
		{B0411C83-785C-4AC4-81FD-330129749775}.Release|x86.Build.0 = Release|Any CPU
		{833968E2-A6BF-46DA-8803-91CFBA87BE1B}.Debug|Any CPU.ActiveCfg = Debug|Any CPU
		{833968E2-A6BF-46DA-8803-91CFBA87BE1B}.Debug|Any CPU.Build.0 = Debug|Any CPU
		{833968E2-A6BF-46DA-8803-91CFBA87BE1B}.Debug|x64.ActiveCfg = Debug|Any CPU
		{833968E2-A6BF-46DA-8803-91CFBA87BE1B}.Debug|x64.Build.0 = Debug|Any CPU
		{833968E2-A6BF-46DA-8803-91CFBA87BE1B}.Debug|x86.ActiveCfg = Debug|Any CPU
		{833968E2-A6BF-46DA-8803-91CFBA87BE1B}.Debug|x86.Build.0 = Debug|Any CPU
		{833968E2-A6BF-46DA-8803-91CFBA87BE1B}.Release|Any CPU.ActiveCfg = Release|Any CPU
		{833968E2-A6BF-46DA-8803-91CFBA87BE1B}.Release|Any CPU.Build.0 = Release|Any CPU
		{833968E2-A6BF-46DA-8803-91CFBA87BE1B}.Release|x64.ActiveCfg = Release|Any CPU
		{833968E2-A6BF-46DA-8803-91CFBA87BE1B}.Release|x64.Build.0 = Release|Any CPU
		{833968E2-A6BF-46DA-8803-91CFBA87BE1B}.Release|x86.ActiveCfg = Release|Any CPU
		{833968E2-A6BF-46DA-8803-91CFBA87BE1B}.Release|x86.Build.0 = Release|Any CPU
	EndGlobalSection
	GlobalSection(SolutionProperties) = preSolution
		HideSolutionNode = FALSE
	EndGlobalSection
	GlobalSection(ExtensibilityGlobals) = postSolution
		SolutionGuid = {5E9AEF75-DEB6-4E86-B1E9-19AB2F89C86A}
	EndGlobalSection
EndGlobal
